{
  "name": "portfolio",
  "version": "1.0.0",
  "lockfileVersion": 3,
  "requires": true,
  "packages": {
    "": {
      "name": "portfolio",
      "version": "1.0.0",
      "license": "ISC",
      "dependencies": {
        "eric-meyer-reset": "^2.0.0"
      }
    },
    "node_modules/eric-meyer-reset": {
      "version": "2.0.0",
      "resolved": "https://registry.npmjs.org/eric-meyer-reset/-/eric-meyer-reset-2.0.0.tgz",
      "integrity": "sha512-uE7fRYdnOh2/tVx3/KnyXCbzgW2LMziPNmV45yIQF1fXtuDhpAJBsMa8mn5seCjtHttjLvyynsQAfsYlGewz9g==",
      "license": "MIT"
    }
  }
}
